
Microsoft Visual Studio Solution File, Format Version 12.00
# Visual Studio 15
VisualStudioVersion = 15.0.28307.852
MinimumVisualStudioVersion = 10.0.40219.1
Project("{FAE04EC0-301F-11D3-BF4B-00C04F79EFBC}") = "GlucoseTrackerApp.Android", "GlucoseTrackerApp\GlucoseTrackerApp.Android\GlucoseTrackerApp.Android.csproj", "{9C9AF515-FB72-49EE-8E72-3A7784159AC7}"
EndProject
Project("{FAE04EC0-301F-11D3-BF4B-00C04F79EFBC}") = "GlucoseTrackerApp.iOS", "GlucoseTrackerApp\GlucoseTrackerApp.iOS\GlucoseTrackerApp.iOS.csproj", "{E2C50922-4635-4734-96C5-D42557D2DF78}"
EndProject
Project("{FAE04EC0-301F-11D3-BF4B-00C04F79EFBC}") = "GlucoseTrackerApp.UWP", "GlucoseTrackerApp\GlucoseTrackerApp.UWP\GlucoseTrackerApp.UWP.csproj", "{DE5DF0BC-395C-4918-AA14-79D4B8BA618B}"
EndProject
Project("{FAE04EC0-301F-11D3-BF4B-00C04F79EFBC}") = "GlucoseTrackerApp", "GlucoseTrackerApp\GlucoseTrackerApp\GlucoseTrackerApp.csproj", "{F0E3C47D-098A-4020-AB38-75C62D86E2E0}"
EndProject
Global
	GlobalSection(SolutionConfigurationPlatforms) = preSolution
		Ad-Hoc|Any CPU = Ad-Hoc|Any CPU
		Ad-Hoc|ARM = Ad-Hoc|ARM
		Ad-Hoc|iPhone = Ad-Hoc|iPhone
		Ad-Hoc|iPhoneSimulator = Ad-Hoc|iPhoneSimulator
		Ad-Hoc|x64 = Ad-Hoc|x64
		Ad-Hoc|x86 = Ad-Hoc|x86
		AppStore|Any CPU = AppStore|Any CPU
		AppStore|ARM = AppStore|ARM
		AppStore|iPhone = AppStore|iPhone
		AppStore|iPhoneSimulator = AppStore|iPhoneSimulator
		AppStore|x64 = AppStore|x64
		AppStore|x86 = AppStore|x86
		Debug|Any CPU = Debug|Any CPU
		Debug|ARM = Debug|ARM
		Debug|iPhone = Debug|iPhone
		Debug|iPhoneSimulator = Debug|iPhoneSimulator
		Debug|x64 = Debug|x64
		Debug|x86 = Debug|x86
		Release|Any CPU = Release|Any CPU
		Release|ARM = Release|ARM
		Release|iPhone = Release|iPhone
		Release|iPhoneSimulator = Release|iPhoneSimulator
		Release|x64 = Release|x64
		Release|x86 = Release|x86
	EndGlobalSection
	GlobalSection(ProjectConfigurationPlatforms) = postSolution
		{9C9AF515-FB72-49EE-8E72-3A7784159AC7}.Ad-Hoc|Any CPU.ActiveCfg = Release|Any CPU
		{9C9AF515-FB72-49EE-8E72-3A7784159AC7}.Ad-Hoc|Any CPU.Build.0 = Release|Any CPU
		{9C9AF515-FB72-49EE-8E72-3A7784159AC7}.Ad-Hoc|Any CPU.Deploy.0 = Release|Any CPU
		{9C9AF515-FB72-49EE-8E72-3A7784159AC7}.Ad-Hoc|ARM.ActiveCfg = Release|Any CPU
		{9C9AF515-FB72-49EE-8E72-3A7784159AC7}.Ad-Hoc|ARM.Build.0 = Release|Any CPU
		{9C9AF515-FB72-49EE-8E72-3A7784159AC7}.Ad-Hoc|ARM.Deploy.0 = Release|Any CPU
		{9C9AF515-FB72-49EE-8E72-3A7784159AC7}.Ad-Hoc|iPhone.ActiveCfg = Release|Any CPU
		{9C9AF515-FB72-49EE-8E72-3A7784159AC7}.Ad-Hoc|iPhone.Build.0 = Release|Any CPU
		{9C9AF515-FB72-49EE-8E72-3A7784159AC7}.Ad-Hoc|iPhone.Deploy.0 = Release|Any CPU
		{9C9AF515-FB72-49EE-8E72-3A7784159AC7}.Ad-Hoc|iPhoneSimulator.ActiveCfg = Release|Any CPU
		{9C9AF515-FB72-49EE-8E72-3A7784159AC7}.Ad-Hoc|iPhoneSimulator.Build.0 = Release|Any CPU
		{9C9AF515-FB72-49EE-8E72-3A7784159AC7}.Ad-Hoc|iPhoneSimulator.Deploy.0 = Release|Any CPU
		{9C9AF515-FB72-49EE-8E72-3A7784159AC7}.Ad-Hoc|x64.ActiveCfg = Release|Any CPU
		{9C9AF515-FB72-49EE-8E72-3A7784159AC7}.Ad-Hoc|x64.Build.0 = Release|Any CPU
		{9C9AF515-FB72-49EE-8E72-3A7784159AC7}.Ad-Hoc|x64.Deploy.0 = Release|Any CPU
		{9C9AF515-FB72-49EE-8E72-3A7784159AC7}.Ad-Hoc|x86.ActiveCfg = Release|Any CPU
		{9C9AF515-FB72-49EE-8E72-3A7784159AC7}.Ad-Hoc|x86.Build.0 = Release|Any CPU
		{9C9AF515-FB72-49EE-8E72-3A7784159AC7}.Ad-Hoc|x86.Deploy.0 = Release|Any CPU
		{9C9AF515-FB72-49EE-8E72-3A7784159AC7}.AppStore|Any CPU.ActiveCfg = Release|Any CPU
		{9C9AF515-FB72-49EE-8E72-3A7784159AC7}.AppStore|Any CPU.Build.0 = Release|Any CPU
		{9C9AF515-FB72-49EE-8E72-3A7784159AC7}.AppStore|Any CPU.Deploy.0 = Release|Any CPU
		{9C9AF515-FB72-49EE-8E72-3A7784159AC7}.AppStore|ARM.ActiveCfg = Release|Any CPU
		{9C9AF515-FB72-49EE-8E72-3A7784159AC7}.AppStore|ARM.Build.0 = Release|Any CPU
		{9C9AF515-FB72-49EE-8E72-3A7784159AC7}.AppStore|ARM.Deploy.0 = Release|Any CPU
		{9C9AF515-FB72-49EE-8E72-3A7784159AC7}.AppStore|iPhone.ActiveCfg = Release|Any CPU
		{9C9AF515-FB72-49EE-8E72-3A7784159AC7}.AppStore|iPhone.Build.0 = Release|Any CPU
		{9C9AF515-FB72-49EE-8E72-3A7784159AC7}.AppStore|iPhone.Deploy.0 = Release|Any CPU
		{9C9AF515-FB72-49EE-8E72-3A7784159AC7}.AppStore|iPhoneSimulator.ActiveCfg = Release|Any CPU
		{9C9AF515-FB72-49EE-8E72-3A7784159AC7}.AppStore|iPhoneSimulator.Build.0 = Release|Any CPU
		{9C9AF515-FB72-49EE-8E72-3A7784159AC7}.AppStore|iPhoneSimulator.Deploy.0 = Release|Any CPU
		{9C9AF515-FB72-49EE-8E72-3A7784159AC7}.AppStore|x64.ActiveCfg = Release|Any CPU
		{9C9AF515-FB72-49EE-8E72-3A7784159AC7}.AppStore|x64.Build.0 = Release|Any CPU
		{9C9AF515-FB72-49EE-8E72-3A7784159AC7}.AppStore|x64.Deploy.0 = Release|Any CPU
		{9C9AF515-FB72-49EE-8E72-3A7784159AC7}.AppStore|x86.ActiveCfg = Release|Any CPU
		{9C9AF515-FB72-49EE-8E72-3A7784159AC7}.AppStore|x86.Build.0 = Release|Any CPU
		{9C9AF515-FB72-49EE-8E72-3A7784159AC7}.AppStore|x86.Deploy.0 = Release|Any CPU
		{9C9AF515-FB72-49EE-8E72-3A7784159AC7}.Debug|Any CPU.ActiveCfg = Debug|Any CPU
		{9C9AF515-FB72-49EE-8E72-3A7784159AC7}.Debug|Any CPU.Build.0 = Debug|Any CPU
		{9C9AF515-FB72-49EE-8E72-3A7784159AC7}.Debug|Any CPU.Deploy.0 = Debug|Any CPU
		{9C9AF515-FB72-49EE-8E72-3A7784159AC7}.Debug|ARM.ActiveCfg = Debug|Any CPU
		{9C9AF515-FB72-49EE-8E72-3A7784159AC7}.Debug|ARM.Build.0 = Debug|Any CPU
		{9C9AF515-FB72-49EE-8E72-3A7784159AC7}.Debug|ARM.Deploy.0 = Debug|Any CPU
		{9C9AF515-FB72-49EE-8E72-3A7784159AC7}.Debug|iPhone.ActiveCfg = Debug|Any CPU
		{9C9AF515-FB72-49EE-8E72-3A7784159AC7}.Debug|iPhone.Build.0 = Debug|Any CPU
		{9C9AF515-FB72-49EE-8E72-3A7784159AC7}.Debug|iPhone.Deploy.0 = Debug|Any CPU
		{9C9AF515-FB72-49EE-8E72-3A7784159AC7}.Debug|iPhoneSimulator.ActiveCfg = Debug|Any CPU
		{9C9AF515-FB72-49EE-8E72-3A7784159AC7}.Debug|iPhoneSimulator.Build.0 = Debug|Any CPU
		{9C9AF515-FB72-49EE-8E72-3A7784159AC7}.Debug|iPhoneSimulator.Deploy.0 = Debug|Any CPU
		{9C9AF515-FB72-49EE-8E72-3A7784159AC7}.Debug|x64.ActiveCfg = Debug|Any CPU
		{9C9AF515-FB72-49EE-8E72-3A7784159AC7}.Debug|x64.Build.0 = Debug|Any CPU
		{9C9AF515-FB72-49EE-8E72-3A7784159AC7}.Debug|x64.Deploy.0 = Debug|Any CPU
		{9C9AF515-FB72-49EE-8E72-3A7784159AC7}.Debug|x86.ActiveCfg = Debug|Any CPU
		{9C9AF515-FB72-49EE-8E72-3A7784159AC7}.Debug|x86.Build.0 = Debug|Any CPU
		{9C9AF515-FB72-49EE-8E72-3A7784159AC7}.Debug|x86.Deploy.0 = Debug|Any CPU
		{9C9AF515-FB72-49EE-8E72-3A7784159AC7}.Release|Any CPU.ActiveCfg = Release|Any CPU
		{9C9AF515-FB72-49EE-8E72-3A7784159AC7}.Release|Any CPU.Build.0 = Release|Any CPU
		{9C9AF515-FB72-49EE-8E72-3A7784159AC7}.Release|Any CPU.Deploy.0 = Release|Any CPU
		{9C9AF515-FB72-49EE-8E72-3A7784159AC7}.Release|ARM.ActiveCfg = Release|Any CPU
		{9C9AF515-FB72-49EE-8E72-3A7784159AC7}.Release|ARM.Build.0 = Release|Any CPU
		{9C9AF515-FB72-49EE-8E72-3A7784159AC7}.Release|ARM.Deploy.0 = Release|Any CPU
		{9C9AF515-FB72-49EE-8E72-3A7784159AC7}.Release|iPhone.ActiveCfg = Release|Any CPU
		{9C9AF515-FB72-49EE-8E72-3A7784159AC7}.Release|iPhone.Build.0 = Release|Any CPU
		{9C9AF515-FB72-49EE-8E72-3A7784159AC7}.Release|iPhone.Deploy.0 = Release|Any CPU
		{9C9AF515-FB72-49EE-8E72-3A7784159AC7}.Release|iPhoneSimulator.ActiveCfg = Release|Any CPU
		{9C9AF515-FB72-49EE-8E72-3A7784159AC7}.Release|iPhoneSimulator.Build.0 = Release|Any CPU
		{9C9AF515-FB72-49EE-8E72-3A7784159AC7}.Release|iPhoneSimulator.Deploy.0 = Release|Any CPU
		{9C9AF515-FB72-49EE-8E72-3A7784159AC7}.Release|x64.ActiveCfg = Release|Any CPU
		{9C9AF515-FB72-49EE-8E72-3A7784159AC7}.Release|x64.Build.0 = Release|Any CPU
		{9C9AF515-FB72-49EE-8E72-3A7784159AC7}.Release|x64.Deploy.0 = Release|Any CPU
		{9C9AF515-FB72-49EE-8E72-3A7784159AC7}.Release|x86.ActiveCfg = Release|Any CPU
		{9C9AF515-FB72-49EE-8E72-3A7784159AC7}.Release|x86.Build.0 = Release|Any CPU
		{9C9AF515-FB72-49EE-8E72-3A7784159AC7}.Release|x86.Deploy.0 = Release|Any CPU
		{E2C50922-4635-4734-96C5-D42557D2DF78}.Ad-Hoc|Any CPU.ActiveCfg = Ad-Hoc|iPhone
		{E2C50922-4635-4734-96C5-D42557D2DF78}.Ad-Hoc|Any CPU.Build.0 = Ad-Hoc|iPhone
		{E2C50922-4635-4734-96C5-D42557D2DF78}.Ad-Hoc|Any CPU.Deploy.0 = Ad-Hoc|iPhone
		{E2C50922-4635-4734-96C5-D42557D2DF78}.Ad-Hoc|ARM.ActiveCfg = Ad-Hoc|iPhone
		{E2C50922-4635-4734-96C5-D42557D2DF78}.Ad-Hoc|ARM.Build.0 = Ad-Hoc|iPhone
		{E2C50922-4635-4734-96C5-D42557D2DF78}.Ad-Hoc|ARM.Deploy.0 = Ad-Hoc|iPhone
		{E2C50922-4635-4734-96C5-D42557D2DF78}.Ad-Hoc|iPhone.ActiveCfg = Ad-Hoc|iPhone
		{E2C50922-4635-4734-96C5-D42557D2DF78}.Ad-Hoc|iPhone.Build.0 = Ad-Hoc|iPhone
		{E2C50922-4635-4734-96C5-D42557D2DF78}.Ad-Hoc|iPhone.Deploy.0 = Ad-Hoc|iPhone
		{E2C50922-4635-4734-96C5-D42557D2DF78}.Ad-Hoc|iPhoneSimulator.ActiveCfg = Ad-Hoc|iPhoneSimulator
		{E2C50922-4635-4734-96C5-D42557D2DF78}.Ad-Hoc|iPhoneSimulator.Build.0 = Ad-Hoc|iPhoneSimulator
		{E2C50922-4635-4734-96C5-D42557D2DF78}.Ad-Hoc|iPhoneSimulator.Deploy.0 = Ad-Hoc|iPhoneSimulator
		{E2C50922-4635-4734-96C5-D42557D2DF78}.Ad-Hoc|x64.ActiveCfg = Ad-Hoc|iPhone
		{E2C50922-4635-4734-96C5-D42557D2DF78}.Ad-Hoc|x64.Build.0 = Ad-Hoc|iPhone
		{E2C50922-4635-4734-96C5-D42557D2DF78}.Ad-Hoc|x64.Deploy.0 = Ad-Hoc|iPhone
		{E2C50922-4635-4734-96C5-D42557D2DF78}.Ad-Hoc|x86.ActiveCfg = Ad-Hoc|iPhone
		{E2C50922-4635-4734-96C5-D42557D2DF78}.Ad-Hoc|x86.Build.0 = Ad-Hoc|iPhone
		{E2C50922-4635-4734-96C5-D42557D2DF78}.Ad-Hoc|x86.Deploy.0 = Ad-Hoc|iPhone
		{E2C50922-4635-4734-96C5-D42557D2DF78}.AppStore|Any CPU.ActiveCfg = AppStore|iPhone
		{E2C50922-4635-4734-96C5-D42557D2DF78}.AppStore|Any CPU.Build.0 = AppStore|iPhone
		{E2C50922-4635-4734-96C5-D42557D2DF78}.AppStore|Any CPU.Deploy.0 = AppStore|iPhone
		{E2C50922-4635-4734-96C5-D42557D2DF78}.AppStore|ARM.ActiveCfg = AppStore|iPhone
		{E2C50922-4635-4734-96C5-D42557D2DF78}.AppStore|ARM.Build.0 = AppStore|iPhone
		{E2C50922-4635-4734-96C5-D42557D2DF78}.AppStore|ARM.Deploy.0 = AppStore|iPhone
		{E2C50922-4635-4734-96C5-D42557D2DF78}.AppStore|iPhone.ActiveCfg = AppStore|iPhone
		{E2C50922-4635-4734-96C5-D42557D2DF78}.AppStore|iPhone.Build.0 = AppStore|iPhone
		{E2C50922-4635-4734-96C5-D42557D2DF78}.AppStore|iPhone.Deploy.0 = AppStore|iPhone
		{E2C50922-4635-4734-96C5-D42557D2DF78}.AppStore|iPhoneSimulator.ActiveCfg = AppStore|iPhoneSimulator
		{E2C50922-4635-4734-96C5-D42557D2DF78}.AppStore|iPhoneSimulator.Build.0 = AppStore|iPhoneSimulator
		{E2C50922-4635-4734-96C5-D42557D2DF78}.AppStore|iPhoneSimulator.Deploy.0 = AppStore|iPhoneSimulator
		{E2C50922-4635-4734-96C5-D42557D2DF78}.AppStore|x64.ActiveCfg = AppStore|iPhone
		{E2C50922-4635-4734-96C5-D42557D2DF78}.AppStore|x64.Build.0 = AppStore|iPhone
		{E2C50922-4635-4734-96C5-D42557D2DF78}.AppStore|x64.Deploy.0 = AppStore|iPhone
		{E2C50922-4635-4734-96C5-D42557D2DF78}.AppStore|x86.ActiveCfg = AppStore|iPhone
		{E2C50922-4635-4734-96C5-D42557D2DF78}.AppStore|x86.Build.0 = AppStore|iPhone
		{E2C50922-4635-4734-96C5-D42557D2DF78}.AppStore|x86.Deploy.0 = AppStore|iPhone
		{E2C50922-4635-4734-96C5-D42557D2DF78}.Debug|Any CPU.ActiveCfg = Debug|iPhoneSimulator
		{E2C50922-4635-4734-96C5-D42557D2DF78}.Debug|Any CPU.Build.0 = Debug|iPhoneSimulator
		{E2C50922-4635-4734-96C5-D42557D2DF78}.Debug|Any CPU.Deploy.0 = Debug|iPhoneSimulator
		{E2C50922-4635-4734-96C5-D42557D2DF78}.Debug|ARM.ActiveCfg = Debug|iPhone
		{E2C50922-4635-4734-96C5-D42557D2DF78}.Debug|ARM.Build.0 = Debug|iPhone
		{E2C50922-4635-4734-96C5-D42557D2DF78}.Debug|ARM.Deploy.0 = Debug|iPhone
		{E2C50922-4635-4734-96C5-D42557D2DF78}.Debug|iPhone.ActiveCfg = Debug|iPhone
		{E2C50922-4635-4734-96C5-D42557D2DF78}.Debug|iPhone.Build.0 = Debug|iPhone
		{E2C50922-4635-4734-96C5-D42557D2DF78}.Debug|iPhone.Deploy.0 = Debug|iPhone
		{E2C50922-4635-4734-96C5-D42557D2DF78}.Debug|iPhoneSimulator.ActiveCfg = Debug|iPhoneSimulator
		{E2C50922-4635-4734-96C5-D42557D2DF78}.Debug|iPhoneSimulator.Build.0 = Debug|iPhoneSimulator
		{E2C50922-4635-4734-96C5-D42557D2DF78}.Debug|iPhoneSimulator.Deploy.0 = Debug|iPhoneSimulator
		{E2C50922-4635-4734-96C5-D42557D2DF78}.Debug|x64.ActiveCfg = Debug|iPhone
		{E2C50922-4635-4734-96C5-D42557D2DF78}.Debug|x64.Build.0 = Debug|iPhone
		{E2C50922-4635-4734-96C5-D42557D2DF78}.Debug|x64.Deploy.0 = Debug|iPhone
		{E2C50922-4635-4734-96C5-D42557D2DF78}.Debug|x86.ActiveCfg = Debug|iPhone
		{E2C50922-4635-4734-96C5-D42557D2DF78}.Debug|x86.Build.0 = Debug|iPhone
		{E2C50922-4635-4734-96C5-D42557D2DF78}.Debug|x86.Deploy.0 = Debug|iPhone
		{E2C50922-4635-4734-96C5-D42557D2DF78}.Release|Any CPU.ActiveCfg = Release|iPhone
		{E2C50922-4635-4734-96C5-D42557D2DF78}.Release|Any CPU.Build.0 = Release|iPhone
		{E2C50922-4635-4734-96C5-D42557D2DF78}.Release|Any CPU.Deploy.0 = Release|iPhone
		{E2C50922-4635-4734-96C5-D42557D2DF78}.Release|ARM.ActiveCfg = Release|iPhone
		{E2C50922-4635-4734-96C5-D42557D2DF78}.Release|ARM.Build.0 = Release|iPhone
		{E2C50922-4635-4734-96C5-D42557D2DF78}.Release|ARM.Deploy.0 = Release|iPhone
		{E2C50922-4635-4734-96C5-D42557D2DF78}.Release|iPhone.ActiveCfg = Release|iPhone
		{E2C50922-4635-4734-96C5-D42557D2DF78}.Release|iPhone.Build.0 = Release|iPhone
		{E2C50922-4635-4734-96C5-D42557D2DF78}.Release|iPhone.Deploy.0 = Release|iPhone
		{E2C50922-4635-4734-96C5-D42557D2DF78}.Release|iPhoneSimulator.ActiveCfg = Release|iPhoneSimulator
		{E2C50922-4635-4734-96C5-D42557D2DF78}.Release|iPhoneSimulator.Build.0 = Release|iPhoneSimulator
		{E2C50922-4635-4734-96C5-D42557D2DF78}.Release|iPhoneSimulator.Deploy.0 = Release|iPhoneSimulator
		{E2C50922-4635-4734-96C5-D42557D2DF78}.Release|x64.ActiveCfg = Release|iPhone
		{E2C50922-4635-4734-96C5-D42557D2DF78}.Release|x64.Build.0 = Release|iPhone
		{E2C50922-4635-4734-96C5-D42557D2DF78}.Release|x64.Deploy.0 = Release|iPhone
		{E2C50922-4635-4734-96C5-D42557D2DF78}.Release|x86.ActiveCfg = Release|iPhone
		{E2C50922-4635-4734-96C5-D42557D2DF78}.Release|x86.Build.0 = Release|iPhone
		{E2C50922-4635-4734-96C5-D42557D2DF78}.Release|x86.Deploy.0 = Release|iPhone
		{DE5DF0BC-395C-4918-AA14-79D4B8BA618B}.Ad-Hoc|Any CPU.ActiveCfg = Release|x86
		{DE5DF0BC-395C-4918-AA14-79D4B8BA618B}.Ad-Hoc|Any CPU.Build.0 = Release|x86
		{DE5DF0BC-395C-4918-AA14-79D4B8BA618B}.Ad-Hoc|Any CPU.Deploy.0 = Release|x86
		{DE5DF0BC-395C-4918-AA14-79D4B8BA618B}.Ad-Hoc|ARM.ActiveCfg = Release|ARM
		{DE5DF0BC-395C-4918-AA14-79D4B8BA618B}.Ad-Hoc|ARM.Build.0 = Release|ARM
		{DE5DF0BC-395C-4918-AA14-79D4B8BA618B}.Ad-Hoc|ARM.Deploy.0 = Release|ARM
		{DE5DF0BC-395C-4918-AA14-79D4B8BA618B}.Ad-Hoc|iPhone.ActiveCfg = Release|x86
		{DE5DF0BC-395C-4918-AA14-79D4B8BA618B}.Ad-Hoc|iPhone.Build.0 = Release|x86
		{DE5DF0BC-395C-4918-AA14-79D4B8BA618B}.Ad-Hoc|iPhone.Deploy.0 = Release|x86
		{DE5DF0BC-395C-4918-AA14-79D4B8BA618B}.Ad-Hoc|iPhoneSimulator.ActiveCfg = Release|x86
		{DE5DF0BC-395C-4918-AA14-79D4B8BA618B}.Ad-Hoc|iPhoneSimulator.Build.0 = Release|x86
		{DE5DF0BC-395C-4918-AA14-79D4B8BA618B}.Ad-Hoc|iPhoneSimulator.Deploy.0 = Release|x86
		{DE5DF0BC-395C-4918-AA14-79D4B8BA618B}.Ad-Hoc|x64.ActiveCfg = Release|x64
		{DE5DF0BC-395C-4918-AA14-79D4B8BA618B}.Ad-Hoc|x64.Build.0 = Release|x64
		{DE5DF0BC-395C-4918-AA14-79D4B8BA618B}.Ad-Hoc|x64.Deploy.0 = Release|x64
		{DE5DF0BC-395C-4918-AA14-79D4B8BA618B}.Ad-Hoc|x86.ActiveCfg = Release|x86
		{DE5DF0BC-395C-4918-AA14-79D4B8BA618B}.Ad-Hoc|x86.Build.0 = Release|x86
		{DE5DF0BC-395C-4918-AA14-79D4B8BA618B}.Ad-Hoc|x86.Deploy.0 = Release|x86
		{DE5DF0BC-395C-4918-AA14-79D4B8BA618B}.AppStore|Any CPU.ActiveCfg = Release|x86
		{DE5DF0BC-395C-4918-AA14-79D4B8BA618B}.AppStore|Any CPU.Build.0 = Release|x86
		{DE5DF0BC-395C-4918-AA14-79D4B8BA618B}.AppStore|Any CPU.Deploy.0 = Release|x86
		{DE5DF0BC-395C-4918-AA14-79D4B8BA618B}.AppStore|ARM.ActiveCfg = Release|ARM
		{DE5DF0BC-395C-4918-AA14-79D4B8BA618B}.AppStore|ARM.Build.0 = Release|ARM
		{DE5DF0BC-395C-4918-AA14-79D4B8BA618B}.AppStore|ARM.Deploy.0 = Release|ARM
		{DE5DF0BC-395C-4918-AA14-79D4B8BA618B}.AppStore|iPhone.ActiveCfg = Release|x86
		{DE5DF0BC-395C-4918-AA14-79D4B8BA618B}.AppStore|iPhone.Build.0 = Release|x86
		{DE5DF0BC-395C-4918-AA14-79D4B8BA618B}.AppStore|iPhone.Deploy.0 = Release|x86
		{DE5DF0BC-395C-4918-AA14-79D4B8BA618B}.AppStore|iPhoneSimulator.ActiveCfg = Release|x86
		{DE5DF0BC-395C-4918-AA14-79D4B8BA618B}.AppStore|iPhoneSimulator.Build.0 = Release|x86
		{DE5DF0BC-395C-4918-AA14-79D4B8BA618B}.AppStore|iPhoneSimulator.Deploy.0 = Release|x86
		{DE5DF0BC-395C-4918-AA14-79D4B8BA618B}.AppStore|x64.ActiveCfg = Release|x64
		{DE5DF0BC-395C-4918-AA14-79D4B8BA618B}.AppStore|x64.Build.0 = Release|x64
		{DE5DF0BC-395C-4918-AA14-79D4B8BA618B}.AppStore|x64.Deploy.0 = Release|x64
		{DE5DF0BC-395C-4918-AA14-79D4B8BA618B}.AppStore|x86.ActiveCfg = Release|x86
		{DE5DF0BC-395C-4918-AA14-79D4B8BA618B}.AppStore|x86.Build.0 = Release|x86
		{DE5DF0BC-395C-4918-AA14-79D4B8BA618B}.AppStore|x86.Deploy.0 = Release|x86
		{DE5DF0BC-395C-4918-AA14-79D4B8BA618B}.Debug|Any CPU.ActiveCfg = Debug|x86
		{DE5DF0BC-395C-4918-AA14-79D4B8BA618B}.Debug|Any CPU.Build.0 = Debug|x86
		{DE5DF0BC-395C-4918-AA14-79D4B8BA618B}.Debug|Any CPU.Deploy.0 = Debug|x86
		{DE5DF0BC-395C-4918-AA14-79D4B8BA618B}.Debug|ARM.ActiveCfg = Debug|ARM
		{DE5DF0BC-395C-4918-AA14-79D4B8BA618B}.Debug|ARM.Build.0 = Debug|ARM
		{DE5DF0BC-395C-4918-AA14-79D4B8BA618B}.Debug|ARM.Deploy.0 = Debug|ARM
		{DE5DF0BC-395C-4918-AA14-79D4B8BA618B}.Debug|iPhone.ActiveCfg = Debug|x86
		{DE5DF0BC-395C-4918-AA14-79D4B8BA618B}.Debug|iPhone.Build.0 = Debug|x86
		{DE5DF0BC-395C-4918-AA14-79D4B8BA618B}.Debug|iPhone.Deploy.0 = Debug|x86
		{DE5DF0BC-395C-4918-AA14-79D4B8BA618B}.Debug|iPhoneSimulator.ActiveCfg = Debug|x86
		{DE5DF0BC-395C-4918-AA14-79D4B8BA618B}.Debug|iPhoneSimulator.Build.0 = Debug|x86
		{DE5DF0BC-395C-4918-AA14-79D4B8BA618B}.Debug|iPhoneSimulator.Deploy.0 = Debug|x86
		{DE5DF0BC-395C-4918-AA14-79D4B8BA618B}.Debug|x64.ActiveCfg = Debug|x64
		{DE5DF0BC-395C-4918-AA14-79D4B8BA618B}.Debug|x64.Build.0 = Debug|x64
		{DE5DF0BC-395C-4918-AA14-79D4B8BA618B}.Debug|x64.Deploy.0 = Debug|x64
		{DE5DF0BC-395C-4918-AA14-79D4B8BA618B}.Debug|x86.ActiveCfg = Debug|x86
		{DE5DF0BC-395C-4918-AA14-79D4B8BA618B}.Debug|x86.Build.0 = Debug|x86
		{DE5DF0BC-395C-4918-AA14-79D4B8BA618B}.Debug|x86.Deploy.0 = Debug|x86
		{DE5DF0BC-395C-4918-AA14-79D4B8BA618B}.Release|Any CPU.ActiveCfg = Release|x86
		{DE5DF0BC-395C-4918-AA14-79D4B8BA618B}.Release|Any CPU.Build.0 = Release|x86
		{DE5DF0BC-395C-4918-AA14-79D4B8BA618B}.Release|Any CPU.Deploy.0 = Release|x86
		{DE5DF0BC-395C-4918-AA14-79D4B8BA618B}.Release|ARM.ActiveCfg = Release|ARM
		{DE5DF0BC-395C-4918-AA14-79D4B8BA618B}.Release|ARM.Build.0 = Release|ARM
		{DE5DF0BC-395C-4918-AA14-79D4B8BA618B}.Release|ARM.Deploy.0 = Release|ARM
		{DE5DF0BC-395C-4918-AA14-79D4B8BA618B}.Release|iPhone.ActiveCfg = Release|x86
		{DE5DF0BC-395C-4918-AA14-79D4B8BA618B}.Release|iPhone.Build.0 = Release|x86
		{DE5DF0BC-395C-4918-AA14-79D4B8BA618B}.Release|iPhone.Deploy.0 = Release|x86
		{DE5DF0BC-395C-4918-AA14-79D4B8BA618B}.Release|iPhoneSimulator.ActiveCfg = Release|x86
		{DE5DF0BC-395C-4918-AA14-79D4B8BA618B}.Release|iPhoneSimulator.Build.0 = Release|x86
		{DE5DF0BC-395C-4918-AA14-79D4B8BA618B}.Release|iPhoneSimulator.Deploy.0 = Release|x86
		{DE5DF0BC-395C-4918-AA14-79D4B8BA618B}.Release|x64.ActiveCfg = Release|x64
		{DE5DF0BC-395C-4918-AA14-79D4B8BA618B}.Release|x64.Build.0 = Release|x64
		{DE5DF0BC-395C-4918-AA14-79D4B8BA618B}.Release|x64.Deploy.0 = Release|x64
		{DE5DF0BC-395C-4918-AA14-79D4B8BA618B}.Release|x86.ActiveCfg = Release|x86
		{DE5DF0BC-395C-4918-AA14-79D4B8BA618B}.Release|x86.Build.0 = Release|x86
		{DE5DF0BC-395C-4918-AA14-79D4B8BA618B}.Release|x86.Deploy.0 = Release|x86
		{F0E3C47D-098A-4020-AB38-75C62D86E2E0}.Ad-Hoc|Any CPU.ActiveCfg = Debug|Any CPU
		{F0E3C47D-098A-4020-AB38-75C62D86E2E0}.Ad-Hoc|Any CPU.Build.0 = Debug|Any CPU
		{F0E3C47D-098A-4020-AB38-75C62D86E2E0}.Ad-Hoc|Any CPU.Deploy.0 = Debug|Any CPU
		{F0E3C47D-098A-4020-AB38-75C62D86E2E0}.Ad-Hoc|ARM.ActiveCfg = Debug|Any CPU
		{F0E3C47D-098A-4020-AB38-75C62D86E2E0}.Ad-Hoc|ARM.Build.0 = Debug|Any CPU
		{F0E3C47D-098A-4020-AB38-75C62D86E2E0}.Ad-Hoc|ARM.Deploy.0 = Debug|Any CPU
		{F0E3C47D-098A-4020-AB38-75C62D86E2E0}.Ad-Hoc|iPhone.ActiveCfg = Debug|Any CPU
		{F0E3C47D-098A-4020-AB38-75C62D86E2E0}.Ad-Hoc|iPhone.Build.0 = Debug|Any CPU
		{F0E3C47D-098A-4020-AB38-75C62D86E2E0}.Ad-Hoc|iPhone.Deploy.0 = Debug|Any CPU
		{F0E3C47D-098A-4020-AB38-75C62D86E2E0}.Ad-Hoc|iPhoneSimulator.ActiveCfg = Debug|Any CPU
		{F0E3C47D-098A-4020-AB38-75C62D86E2E0}.Ad-Hoc|iPhoneSimulator.Build.0 = Debug|Any CPU
		{F0E3C47D-098A-4020-AB38-75C62D86E2E0}.Ad-Hoc|iPhoneSimulator.Deploy.0 = Debug|Any CPU
		{F0E3C47D-098A-4020-AB38-75C62D86E2E0}.Ad-Hoc|x64.ActiveCfg = Debug|Any CPU
		{F0E3C47D-098A-4020-AB38-75C62D86E2E0}.Ad-Hoc|x64.Build.0 = Debug|Any CPU
		{F0E3C47D-098A-4020-AB38-75C62D86E2E0}.Ad-Hoc|x64.Deploy.0 = Debug|Any CPU
		{F0E3C47D-098A-4020-AB38-75C62D86E2E0}.Ad-Hoc|x86.ActiveCfg = Debug|Any CPU
		{F0E3C47D-098A-4020-AB38-75C62D86E2E0}.Ad-Hoc|x86.Build.0 = Debug|Any CPU
		{F0E3C47D-098A-4020-AB38-75C62D86E2E0}.Ad-Hoc|x86.Deploy.0 = Debug|Any CPU
		{F0E3C47D-098A-4020-AB38-75C62D86E2E0}.AppStore|Any CPU.ActiveCfg = Debug|Any CPU
		{F0E3C47D-098A-4020-AB38-75C62D86E2E0}.AppStore|Any CPU.Build.0 = Debug|Any CPU
		{F0E3C47D-098A-4020-AB38-75C62D86E2E0}.AppStore|Any CPU.Deploy.0 = Debug|Any CPU
		{F0E3C47D-098A-4020-AB38-75C62D86E2E0}.AppStore|ARM.ActiveCfg = Debug|Any CPU
		{F0E3C47D-098A-4020-AB38-75C62D86E2E0}.AppStore|ARM.Build.0 = Debug|Any CPU
		{F0E3C47D-098A-4020-AB38-75C62D86E2E0}.AppStore|ARM.Deploy.0 = Debug|Any CPU
		{F0E3C47D-098A-4020-AB38-75C62D86E2E0}.AppStore|iPhone.ActiveCfg = Debug|Any CPU
		{F0E3C47D-098A-4020-AB38-75C62D86E2E0}.AppStore|iPhone.Build.0 = Debug|Any CPU
		{F0E3C47D-098A-4020-AB38-75C62D86E2E0}.AppStore|iPhone.Deploy.0 = Debug|Any CPU
		{F0E3C47D-098A-4020-AB38-75C62D86E2E0}.AppStore|iPhoneSimulator.ActiveCfg = Debug|Any CPU
		{F0E3C47D-098A-4020-AB38-75C62D86E2E0}.AppStore|iPhoneSimulator.Build.0 = Debug|Any CPU
		{F0E3C47D-098A-4020-AB38-75C62D86E2E0}.AppStore|iPhoneSimulator.Deploy.0 = Debug|Any CPU
		{F0E3C47D-098A-4020-AB38-75C62D86E2E0}.AppStore|x64.ActiveCfg = Debug|Any CPU
		{F0E3C47D-098A-4020-AB38-75C62D86E2E0}.AppStore|x64.Build.0 = Debug|Any CPU
		{F0E3C47D-098A-4020-AB38-75C62D86E2E0}.AppStore|x64.Deploy.0 = Debug|Any CPU
		{F0E3C47D-098A-4020-AB38-75C62D86E2E0}.AppStore|x86.ActiveCfg = Debug|Any CPU
		{F0E3C47D-098A-4020-AB38-75C62D86E2E0}.AppStore|x86.Build.0 = Debug|Any CPU
		{F0E3C47D-098A-4020-AB38-75C62D86E2E0}.AppStore|x86.Deploy.0 = Debug|Any CPU
		{F0E3C47D-098A-4020-AB38-75C62D86E2E0}.Debug|Any CPU.ActiveCfg = Debug|Any CPU
		{F0E3C47D-098A-4020-AB38-75C62D86E2E0}.Debug|Any CPU.Build.0 = Debug|Any CPU
		{F0E3C47D-098A-4020-AB38-75C62D86E2E0}.Debug|Any CPU.Deploy.0 = Debug|Any CPU
		{F0E3C47D-098A-4020-AB38-75C62D86E2E0}.Debug|ARM.ActiveCfg = Debug|Any CPU
		{F0E3C47D-098A-4020-AB38-75C62D86E2E0}.Debug|ARM.Build.0 = Debug|Any CPU
		{F0E3C47D-098A-4020-AB38-75C62D86E2E0}.Debug|ARM.Deploy.0 = Debug|Any CPU
		{F0E3C47D-098A-4020-AB38-75C62D86E2E0}.Debug|iPhone.ActiveCfg = Debug|Any CPU
		{F0E3C47D-098A-4020-AB38-75C62D86E2E0}.Debug|iPhone.Build.0 = Debug|Any CPU
		{F0E3C47D-098A-4020-AB38-75C62D86E2E0}.Debug|iPhone.Deploy.0 = Debug|Any CPU
		{F0E3C47D-098A-4020-AB38-75C62D86E2E0}.Debug|iPhoneSimulator.ActiveCfg = Debug|Any CPU
		{F0E3C47D-098A-4020-AB38-75C62D86E2E0}.Debug|iPhoneSimulator.Build.0 = Debug|Any CPU
		{F0E3C47D-098A-4020-AB38-75C62D86E2E0}.Debug|iPhoneSimulator.Deploy.0 = Debug|Any CPU
		{F0E3C47D-098A-4020-AB38-75C62D86E2E0}.Debug|x64.ActiveCfg = Debug|Any CPU
		{F0E3C47D-098A-4020-AB38-75C62D86E2E0}.Debug|x64.Build.0 = Debug|Any CPU
		{F0E3C47D-098A-4020-AB38-75C62D86E2E0}.Debug|x64.Deploy.0 = Debug|Any CPU
		{F0E3C47D-098A-4020-AB38-75C62D86E2E0}.Debug|x86.ActiveCfg = Debug|Any CPU
		{F0E3C47D-098A-4020-AB38-75C62D86E2E0}.Debug|x86.Build.0 = Debug|Any CPU
		{F0E3C47D-098A-4020-AB38-75C62D86E2E0}.Debug|x86.Deploy.0 = Debug|Any CPU
		{F0E3C47D-098A-4020-AB38-75C62D86E2E0}.Release|Any CPU.ActiveCfg = Release|Any CPU
		{F0E3C47D-098A-4020-AB38-75C62D86E2E0}.Release|Any CPU.Build.0 = Release|Any CPU
		{F0E3C47D-098A-4020-AB38-75C62D86E2E0}.Release|Any CPU.Deploy.0 = Release|Any CPU
		{F0E3C47D-098A-4020-AB38-75C62D86E2E0}.Release|ARM.ActiveCfg = Release|Any CPU
		{F0E3C47D-098A-4020-AB38-75C62D86E2E0}.Release|ARM.Build.0 = Release|Any CPU
		{F0E3C47D-098A-4020-AB38-75C62D86E2E0}.Release|ARM.Deploy.0 = Release|Any CPU
		{F0E3C47D-098A-4020-AB38-75C62D86E2E0}.Release|iPhone.ActiveCfg = Release|Any CPU
		{F0E3C47D-098A-4020-AB38-75C62D86E2E0}.Release|iPhone.Build.0 = Release|Any CPU
		{F0E3C47D-098A-4020-AB38-75C62D86E2E0}.Release|iPhone.Deploy.0 = Release|Any CPU
		{F0E3C47D-098A-4020-AB38-75C62D86E2E0}.Release|iPhoneSimulator.ActiveCfg = Release|Any CPU
		{F0E3C47D-098A-4020-AB38-75C62D86E2E0}.Release|iPhoneSimulator.Build.0 = Release|Any CPU
		{F0E3C47D-098A-4020-AB38-75C62D86E2E0}.Release|iPhoneSimulator.Deploy.0 = Release|Any CPU
		{F0E3C47D-098A-4020-AB38-75C62D86E2E0}.Release|x64.ActiveCfg = Release|Any CPU
		{F0E3C47D-098A-4020-AB38-75C62D86E2E0}.Release|x64.Build.0 = Release|Any CPU
		{F0E3C47D-098A-4020-AB38-75C62D86E2E0}.Release|x64.Deploy.0 = Release|Any CPU
		{F0E3C47D-098A-4020-AB38-75C62D86E2E0}.Release|x86.ActiveCfg = Release|Any CPU
		{F0E3C47D-098A-4020-AB38-75C62D86E2E0}.Release|x86.Build.0 = Release|Any CPU
		{F0E3C47D-098A-4020-AB38-75C62D86E2E0}.Release|x86.Deploy.0 = Release|Any CPU
	EndGlobalSection
	GlobalSection(SolutionProperties) = preSolution
		HideSolutionNode = FALSE
	EndGlobalSection
	GlobalSection(ExtensibilityGlobals) = postSolution
		SolutionGuid = {5838C986-5A22-4DB6-B3B4-5B6FCDA84F5B}
	EndGlobalSection
EndGlobal
