
Microsoft Visual Studio Solution File, Format Version 12.00
# Visual Studio Version 16
VisualStudioVersion = 16.0.29215.179
MinimumVisualStudioVersion = 10.0.40219.1
Project("{FAE04EC0-301F-11D3-BF4B-00C04F79EFBC}") = "GlucoseTrackerWeb", "GlucoseTrackerWeb\GlucoseTrackerWeb.csproj", "{4AD29796-A4B1-460B-814B-B047A7921555}"
EndProject
Global
	GlobalSection(SolutionConfigurationPlatforms) = preSolution
		Debug|Any CPU = Debug|Any CPU
		Release|Any CPU = Release|Any CPU
	EndGlobalSection
	GlobalSection(ProjectConfigurationPlatforms) = postSolution
		{4AD29796-A4B1-460B-814B-B047A7921555}.Debug|Any CPU.ActiveCfg = Debug|Any CPU
		{4AD29796-A4B1-460B-814B-B047A7921555}.Debug|Any CPU.Build.0 = Debug|Any CPU
		{4AD29796-A4B1-460B-814B-B047A7921555}.Release|Any CPU.ActiveCfg = Release|Any CPU
		{4AD29796-A4B1-460B-814B-B047A7921555}.Release|Any CPU.Build.0 = Release|Any CPU
	EndGlobalSection
	GlobalSection(SolutionProperties) = preSolution
		HideSolutionNode = FALSE
	EndGlobalSection
	GlobalSection(ExtensibilityGlobals) = postSolution
		SolutionGuid = {6C6ABCA6-C1AC-4DF7-A71B-FDE11E4E8F97}
	EndGlobalSection
EndGlobal
